// !$*UTF8*$!
{
	archiveVersion = 1;
	classes = {
	};
	objectVersion = 50;
	objects = {

/* Begin PBXBuildFile section */
		B94E1CF62C20048C00577DD4 /* AppDelegate.swift in Sources */ = {isa = PBXBuildFile; fileRef = B94E1CF52C20048C00577DD4 /* AppDelegate.swift */; };
		B94E1CFA2C20048C00577DD4 /* ViewController.swift in Sources */ = {isa = PBXBuildFile; fileRef = B94E1CF92C20048C00577DD4 /* ViewController.swift */; };
		B94E1CFD2C20048C00577DD4 /* Main.storyboard in Resources */ = {isa = PBXBuildFile; fileRef = B94E1CFB2C20048C00577DD4 /* Main.storyboard */; };
		B94E1CFF2C20048E00577DD4 /* Assets.xcassets in Resources */ = {isa = PBXBuildFile; fileRef = B94E1CFE2C20048E00577DD4 /* Assets.xcassets */; };
		B94E1D022C20048E00577DD4 /* LaunchScreen.storyboard in Resources */ = {isa = PBXBuildFile; fileRef = B94E1D002C20048E00577DD4 /* LaunchScreen.storyboard */; };
		B94E1D122C201B0C00577DD4 /* HomeScreenVC.swift in Sources */ = {isa = PBXBuildFile; fileRef = B94E1D112C201B0C00577DD4 /* HomeScreenVC.swift */; };
		B997ED3B2C3CFDBE00DB0CEC /* GridCVC.swift in Sources */ = {isa = PBXBuildFile; fileRef = B997ED392C3CFDBE00DB0CEC /* GridCVC.swift */; };
		B997ED3C2C3CFDBE00DB0CEC /* GridCVC.xib in Resources */ = {isa = PBXBuildFile; fileRef = B997ED3A2C3CFDBE00DB0CEC /* GridCVC.xib */; };
		B997ED3F2C3CFEC300DB0CEC /* AttributeFactory.swift in Sources */ = {isa = PBXBuildFile; fileRef = B997ED3E2C3CFEC300DB0CEC /* AttributeFactory.swift */; };
		B997ED422C3D08FF00DB0CEC /* VerticalDataSourceDelegate.swift in Sources */ = {isa = PBXBuildFile; fileRef = B997ED412C3D08FF00DB0CEC /* VerticalDataSourceDelegate.swift */; };
		B997ED472C3D093100DB0CEC /* GridItemWebServices.swift in Sources */ = {isa = PBXBuildFile; fileRef = B997ED452C3D093100DB0CEC /* GridItemWebServices.swift */; };
		B997ED482C3D093100DB0CEC /* GridItemModel.swift in Sources */ = {isa = PBXBuildFile; fileRef = B997ED462C3D093100DB0CEC /* GridItemModel.swift */; };
		B997ED4F2C3D09AA00DB0CEC /* gridItemsList.json in Resources */ = {isa = PBXBuildFile; fileRef = B997ED4E2C3D09AA00DB0CEC /* gridItemsList.json */; };
		B997ED532C3D36B100DB0CEC /* Navigation.swift in Sources */ = {isa = PBXBuildFile; fileRef = B997ED522C3D36B100DB0CEC /* Navigation.swift */; };
		B997ED5C2C3D396E00DB0CEC /* AboutCTUIL.storyboard in Resources */ = {isa = PBXBuildFile; fileRef = B997ED5B2C3D396E00DB0CEC /* AboutCTUIL.storyboard */; };
		B997ED5F2C3D39B200DB0CEC /* AboutCTUILVC.swift in Sources */ = {isa = PBXBuildFile; fileRef = B997ED5E2C3D39B200DB0CEC /* AboutCTUILVC.swift */; };
		B997ED642C3D3C1B00DB0CEC /* CellTVC.swift in Sources */ = {isa = PBXBuildFile; fileRef = B997ED622C3D3C1B00DB0CEC /* CellTVC.swift */; };
		B997ED652C3D3C1B00DB0CEC /* CellTVC.xib in Resources */ = {isa = PBXBuildFile; fileRef = B997ED632C3D3C1B00DB0CEC /* CellTVC.xib */; };
		B997ED6A2C3D3E5B00DB0CEC /* aboutCtuilList.json in Resources */ = {isa = PBXBuildFile; fileRef = B997ED692C3D3E5B00DB0CEC /* aboutCtuilList.json */; };
		B997ED6D2C3D3F2900DB0CEC /* AboutCTUILModel.swift in Sources */ = {isa = PBXBuildFile; fileRef = B997ED6C2C3D3F2900DB0CEC /* AboutCTUILModel.swift */; };
		B997ED702C3D3F3700DB0CEC /* AboutCTUILWebServices.swift in Sources */ = {isa = PBXBuildFile; fileRef = B997ED6F2C3D3F3700DB0CEC /* AboutCTUILWebServices.swift */; };
		B997ED732C3D3F7700DB0CEC /* AboutCTUILDataSourceDelegate.swift in Sources */ = {isa = PBXBuildFile; fileRef = B997ED722C3D3F7700DB0CEC /* AboutCTUILDataSourceDelegate.swift */; };
		B997ED7B2C3D511300DB0CEC /* UIViewControllerExtensions.swift in Sources */ = {isa = PBXBuildFile; fileRef = B997ED7A2C3D511300DB0CEC /* UIViewControllerExtensions.swift */; };
		B997ED7F2C3D57B500DB0CEC /* UIImageExtension.swift in Sources */ = {isa = PBXBuildFile; fileRef = B997ED7E2C3D57B500DB0CEC /* UIImageExtension.swift */; };
		B997ED872C3D6DC300DB0CEC /* MediaScreenVC.swift in Sources */ = {isa = PBXBuildFile; fileRef = B997ED862C3D6DC300DB0CEC /* MediaScreenVC.swift */; };
		B997ED8D2C3D6E2C00DB0CEC /* MediaCVC.swift in Sources */ = {isa = PBXBuildFile; fileRef = B997ED8B2C3D6E2C00DB0CEC /* MediaCVC.swift */; };
		B997ED8E2C3D6E2C00DB0CEC /* MediaCVC.xib in Resources */ = {isa = PBXBuildFile; fileRef = B997ED8C2C3D6E2C00DB0CEC /* MediaCVC.xib */; };
		B997ED922C3D6F5400DB0CEC /* MediaModel.swift in Sources */ = {isa = PBXBuildFile; fileRef = B997ED912C3D6F5400DB0CEC /* MediaModel.swift */; };
		B997ED972C3D6FEF00DB0CEC /* MediaDataSourceDelegate.swift in Sources */ = {isa = PBXBuildFile; fileRef = B997ED962C3D6FEF00DB0CEC /* MediaDataSourceDelegate.swift */; };
		B997ED9B2C3D705700DB0CEC /* StringExtension.swift in Sources */ = {isa = PBXBuildFile; fileRef = B997ED9A2C3D705700DB0CEC /* StringExtension.swift */; };
		B997ED9E2C3D714C00DB0CEC /* MediaWebServices.swift in Sources */ = {isa = PBXBuildFile; fileRef = B997ED9D2C3D714C00DB0CEC /* MediaWebServices.swift */; };
		B997EDA12C3D71A300DB0CEC /* mediaList.json in Resources */ = {isa = PBXBuildFile; fileRef = B997EDA02C3D71A300DB0CEC /* mediaList.json */; };
		B9EC42ED2C3BB726004BF920 /* HomeCVC.swift in Sources */ = {isa = PBXBuildFile; fileRef = B9EC42EC2C3BB726004BF920 /* HomeCVC.swift */; };
/* End PBXBuildFile section */

/* Begin PBXFileReference section */
		B94E1CF22C20048C00577DD4 /* CTU.app */ = {isa = PBXFileReference; explicitFileType = wrapper.application; includeInIndex = 0; path = CTU.app; sourceTree = BUILT_PRODUCTS_DIR; };
		B94E1CF52C20048C00577DD4 /* AppDelegate.swift */ = {isa = PBXFileReference; lastKnownFileType = sourcecode.swift; path = AppDelegate.swift; sourceTree = "<group>"; };
		B94E1CF92C20048C00577DD4 /* ViewController.swift */ = {isa = PBXFileReference; lastKnownFileType = sourcecode.swift; path = ViewController.swift; sourceTree = "<group>"; };
		B94E1CFC2C20048C00577DD4 /* Base */ = {isa = PBXFileReference; lastKnownFileType = file.storyboard; name = Base; path = Base.lproj/Main.storyboard; sourceTree = "<group>"; };
		B94E1CFE2C20048E00577DD4 /* Assets.xcassets */ = {isa = PBXFileReference; lastKnownFileType = folder.assetcatalog; path = Assets.xcassets; sourceTree = "<group>"; };
		B94E1D012C20048E00577DD4 /* Base */ = {isa = PBXFileReference; lastKnownFileType = file.storyboard; name = Base; path = Base.lproj/LaunchScreen.storyboard; sourceTree = "<group>"; };
		B94E1D032C20048E00577DD4 /* Info.plist */ = {isa = PBXFileReference; lastKnownFileType = text.plist.xml; path = Info.plist; sourceTree = "<group>"; };
		B94E1D112C201B0C00577DD4 /* HomeScreenVC.swift */ = {isa = PBXFileReference; lastKnownFileType = sourcecode.swift; path = HomeScreenVC.swift; sourceTree = "<group>"; };
		B997ED392C3CFDBE00DB0CEC /* GridCVC.swift */ = {isa = PBXFileReference; lastKnownFileType = sourcecode.swift; path = GridCVC.swift; sourceTree = "<group>"; };
		B997ED3A2C3CFDBE00DB0CEC /* GridCVC.xib */ = {isa = PBXFileReference; lastKnownFileType = file.xib; path = GridCVC.xib; sourceTree = "<group>"; };
		B997ED3E2C3CFEC300DB0CEC /* AttributeFactory.swift */ = {isa = PBXFileReference; fileEncoding = 4; lastKnownFileType = sourcecode.swift; path = AttributeFactory.swift; sourceTree = "<group>"; };
		B997ED412C3D08FF00DB0CEC /* VerticalDataSourceDelegate.swift */ = {isa = PBXFileReference; fileEncoding = 4; lastKnownFileType = sourcecode.swift; path = VerticalDataSourceDelegate.swift; sourceTree = "<group>"; };
		B997ED452C3D093100DB0CEC /* GridItemWebServices.swift */ = {isa = PBXFileReference; fileEncoding = 4; lastKnownFileType = sourcecode.swift; path = GridItemWebServices.swift; sourceTree = "<group>"; };
		B997ED462C3D093100DB0CEC /* GridItemModel.swift */ = {isa = PBXFileReference; fileEncoding = 4; lastKnownFileType = sourcecode.swift; path = GridItemModel.swift; sourceTree = "<group>"; };
		B997ED4E2C3D09AA00DB0CEC /* gridItemsList.json */ = {isa = PBXFileReference; fileEncoding = 4; lastKnownFileType = text.json; path = gridItemsList.json; sourceTree = "<group>"; };
		B997ED522C3D36B100DB0CEC /* Navigation.swift */ = {isa = PBXFileReference; fileEncoding = 4; lastKnownFileType = sourcecode.swift; path = Navigation.swift; sourceTree = "<group>"; };
		B997ED5B2C3D396E00DB0CEC /* AboutCTUIL.storyboard */ = {isa = PBXFileReference; lastKnownFileType = file.storyboard; path = AboutCTUIL.storyboard; sourceTree = "<group>"; };
		B997ED5E2C3D39B200DB0CEC /* AboutCTUILVC.swift */ = {isa = PBXFileReference; lastKnownFileType = sourcecode.swift; path = AboutCTUILVC.swift; sourceTree = "<group>"; };
		B997ED622C3D3C1B00DB0CEC /* CellTVC.swift */ = {isa = PBXFileReference; lastKnownFileType = sourcecode.swift; path = CellTVC.swift; sourceTree = "<group>"; };
		B997ED632C3D3C1B00DB0CEC /* CellTVC.xib */ = {isa = PBXFileReference; lastKnownFileType = file.xib; path = CellTVC.xib; sourceTree = "<group>"; };
		B997ED692C3D3E5B00DB0CEC /* aboutCtuilList.json */ = {isa = PBXFileReference; fileEncoding = 4; lastKnownFileType = text.json; path = aboutCtuilList.json; sourceTree = "<group>"; };
		B997ED6C2C3D3F2900DB0CEC /* AboutCTUILModel.swift */ = {isa = PBXFileReference; fileEncoding = 4; lastKnownFileType = sourcecode.swift; path = AboutCTUILModel.swift; sourceTree = "<group>"; };
		B997ED6F2C3D3F3700DB0CEC /* AboutCTUILWebServices.swift */ = {isa = PBXFileReference; fileEncoding = 4; lastKnownFileType = sourcecode.swift; path = AboutCTUILWebServices.swift; sourceTree = "<group>"; };
		B997ED722C3D3F7700DB0CEC /* AboutCTUILDataSourceDelegate.swift */ = {isa = PBXFileReference; fileEncoding = 4; lastKnownFileType = sourcecode.swift; path = AboutCTUILDataSourceDelegate.swift; sourceTree = "<group>"; };
		B997ED7A2C3D511300DB0CEC /* UIViewControllerExtensions.swift */ = {isa = PBXFileReference; lastKnownFileType = sourcecode.swift; path = UIViewControllerExtensions.swift; sourceTree = "<group>"; };
		B997ED7E2C3D57B500DB0CEC /* UIImageExtension.swift */ = {isa = PBXFileReference; lastKnownFileType = sourcecode.swift; path = UIImageExtension.swift; sourceTree = "<group>"; };
		B997ED862C3D6DC300DB0CEC /* MediaScreenVC.swift */ = {isa = PBXFileReference; lastKnownFileType = sourcecode.swift; path = MediaScreenVC.swift; sourceTree = "<group>"; };
		B997ED8B2C3D6E2C00DB0CEC /* MediaCVC.swift */ = {isa = PBXFileReference; lastKnownFileType = sourcecode.swift; path = MediaCVC.swift; sourceTree = "<group>"; };
		B997ED8C2C3D6E2C00DB0CEC /* MediaCVC.xib */ = {isa = PBXFileReference; lastKnownFileType = file.xib; path = MediaCVC.xib; sourceTree = "<group>"; };
		B997ED912C3D6F5400DB0CEC /* MediaModel.swift */ = {isa = PBXFileReference; lastKnownFileType = sourcecode.swift; path = MediaModel.swift; sourceTree = "<group>"; };
		B997ED962C3D6FEF00DB0CEC /* MediaDataSourceDelegate.swift */ = {isa = PBXFileReference; lastKnownFileType = sourcecode.swift; path = MediaDataSourceDelegate.swift; sourceTree = "<group>"; };
		B997ED9A2C3D705700DB0CEC /* StringExtension.swift */ = {isa = PBXFileReference; lastKnownFileType = sourcecode.swift; path = StringExtension.swift; sourceTree = "<group>"; };
		B997ED9D2C3D714C00DB0CEC /* MediaWebServices.swift */ = {isa = PBXFileReference; lastKnownFileType = sourcecode.swift; path = MediaWebServices.swift; sourceTree = "<group>"; };
		B997EDA02C3D71A300DB0CEC /* mediaList.json */ = {isa = PBXFileReference; lastKnownFileType = text.json; path = mediaList.json; sourceTree = "<group>"; };
		B9EC42EC2C3BB726004BF920 /* HomeCVC.swift */ = {isa = PBXFileReference; lastKnownFileType = sourcecode.swift; path = HomeCVC.swift; sourceTree = "<group>"; };
/* End PBXFileReference section */

/* Begin PBXFrameworksBuildPhase section */
		B94E1CEF2C20048C00577DD4 /* Frameworks */ = {
			isa = PBXFrameworksBuildPhase;
			buildActionMask = 2147483647;
			files = (
			);
			runOnlyForDeploymentPostprocessing = 0;
		};
/* End PBXFrameworksBuildPhase section */

/* Begin PBXGroup section */
		B94E1CE92C20048C00577DD4 = {
			isa = PBXGroup;
			children = (
				B94E1CF42C20048C00577DD4 /* CTU */,
				B94E1CF32C20048C00577DD4 /* Products */,
			);
			sourceTree = "<group>";
		};
		B94E1CF32C20048C00577DD4 /* Products */ = {
			isa = PBXGroup;
			children = (
				B94E1CF22C20048C00577DD4 /* CTU.app */,
			);
			name = Products;
			sourceTree = "<group>";
		};
		B94E1CF42C20048C00577DD4 /* CTU */ = {
			isa = PBXGroup;
			children = (
				B94E1CF52C20048C00577DD4 /* AppDelegate.swift */,
				B94E1D0D2C200F0600577DD4 /* Main */,
				B997ED552C3D38D000DB0CEC /* AboutCTUIL */,
				B94E1CFE2C20048E00577DD4 /* Assets.xcassets */,
				B997ED522C3D36B100DB0CEC /* Navigation.swift */,
				B997ED3E2C3CFEC300DB0CEC /* AttributeFactory.swift */,
				B94E1D002C20048E00577DD4 /* LaunchScreen.storyboard */,
				B94E1D032C20048E00577DD4 /* Info.plist */,
				B997ED792C3D50F600DB0CEC /* Extensions */,
				B997ED672C3D3D2500DB0CEC /* JSON */,
			);
			path = CTU;
			sourceTree = "<group>";
		};
		B94E1D0D2C200F0600577DD4 /* Main */ = {
			isa = PBXGroup;
			children = (
				B997ED4A2C3D093700DB0CEC /* Model */,
				B997ED442C3D090200DB0CEC /* DataSourceDelegate */,
				B997ED382C3CFDA200DB0CEC /* Cell */,
				B94E1D0E2C200F0F00577DD4 /* Controller */,
				B94E1D0F2C200F1A00577DD4 /* View */,
			);
			path = Main;
			sourceTree = "<group>";
		};
		B94E1D0E2C200F0F00577DD4 /* Controller */ = {
			isa = PBXGroup;
			children = (
				B94E1CF92C20048C00577DD4 /* ViewController.swift */,
				B9EC42EC2C3BB726004BF920 /* HomeCVC.swift */,
				B94E1D112C201B0C00577DD4 /* HomeScreenVC.swift */,
				B997ED862C3D6DC300DB0CEC /* MediaScreenVC.swift */,
			);
			name = Controller;
			sourceTree = "<group>";
		};
		B94E1D0F2C200F1A00577DD4 /* View */ = {
			isa = PBXGroup;
			children = (
				B94E1CFB2C20048C00577DD4 /* Main.storyboard */,
			);
			name = View;
			sourceTree = "<group>";
		};
		B997ED382C3CFDA200DB0CEC /* Cell */ = {
			isa = PBXGroup;
			children = (
				B997ED8A2C3D6E0000DB0CEC /* MediaCell */,
				B997ED892C3D6DF600DB0CEC /* GridCell */,
			);
			name = Cell;
			sourceTree = "<group>";
		};
		B997ED442C3D090200DB0CEC /* DataSourceDelegate */ = {
			isa = PBXGroup;
			children = (
				B997ED952C3D6FD000DB0CEC /* MediaCV */,
				B997ED942C3D6FAD00DB0CEC /* GridCV */,
			);
			name = DataSourceDelegate;
			sourceTree = "<group>";
		};
		B997ED4A2C3D093700DB0CEC /* Model */ = {
			isa = PBXGroup;
			children = (
				B997ED462C3D093100DB0CEC /* GridItemModel.swift */,
				B997ED912C3D6F5400DB0CEC /* MediaModel.swift */,
				B997ED452C3D093100DB0CEC /* GridItemWebServices.swift */,
				B997ED9D2C3D714C00DB0CEC /* MediaWebServices.swift */,
			);
			name = Model;
			sourceTree = "<group>";
		};
		B997ED552C3D38D000DB0CEC /* AboutCTUIL */ = {
			isa = PBXGroup;
			children = (
				B997ED592C3D390F00DB0CEC /* Model */,
				B997ED582C3D390400DB0CEC /* DataSourceDelegate */,
				B997ED5A2C3D394400DB0CEC /* Cell */,
				B997ED572C3D38FD00DB0CEC /* Controller */,
				B997ED562C3D38F500DB0CEC /* View */,
			);
			path = AboutCTUIL;
			sourceTree = "<group>";
		};
		B997ED562C3D38F500DB0CEC /* View */ = {
			isa = PBXGroup;
			children = (
				B997ED5B2C3D396E00DB0CEC /* AboutCTUIL.storyboard */,
			);
			path = View;
			sourceTree = "<group>";
		};
		B997ED572C3D38FD00DB0CEC /* Controller */ = {
			isa = PBXGroup;
			children = (
				B997ED5E2C3D39B200DB0CEC /* AboutCTUILVC.swift */,
			);
			path = Controller;
			sourceTree = "<group>";
		};
		B997ED582C3D390400DB0CEC /* DataSourceDelegate */ = {
			isa = PBXGroup;
			children = (
				B997ED722C3D3F7700DB0CEC /* AboutCTUILDataSourceDelegate.swift */,
			);
			path = DataSourceDelegate;
			sourceTree = "<group>";
		};
		B997ED592C3D390F00DB0CEC /* Model */ = {
			isa = PBXGroup;
			children = (
				B997ED6C2C3D3F2900DB0CEC /* AboutCTUILModel.swift */,
				B997ED6F2C3D3F3700DB0CEC /* AboutCTUILWebServices.swift */,
			);
			path = Model;
			sourceTree = "<group>";
		};
		B997ED5A2C3D394400DB0CEC /* Cell */ = {
			isa = PBXGroup;
			children = (
				B997ED622C3D3C1B00DB0CEC /* CellTVC.swift */,
				B997ED632C3D3C1B00DB0CEC /* CellTVC.xib */,
			);
			path = Cell;
			sourceTree = "<group>";
		};
		B997ED672C3D3D2500DB0CEC /* JSON */ = {
			isa = PBXGroup;
			children = (
				B997ED692C3D3E5B00DB0CEC /* aboutCtuilList.json */,
				B997ED4E2C3D09AA00DB0CEC /* gridItemsList.json */,
				B997EDA02C3D71A300DB0CEC /* mediaList.json */,
			);
			path = JSON;
			sourceTree = "<group>";
		};
		B997ED792C3D50F600DB0CEC /* Extensions */ = {
			isa = PBXGroup;
			children = (
				B997ED7A2C3D511300DB0CEC /* UIViewControllerExtensions.swift */,
				B997ED7E2C3D57B500DB0CEC /* UIImageExtension.swift */,
				B997ED9A2C3D705700DB0CEC /* StringExtension.swift */,
			);
			path = Extensions;
			sourceTree = "<group>";
		};
		B997ED892C3D6DF600DB0CEC /* GridCell */ = {
			isa = PBXGroup;
			children = (
				B997ED392C3CFDBE00DB0CEC /* GridCVC.swift */,
				B997ED3A2C3CFDBE00DB0CEC /* GridCVC.xib */,
			);
			name = GridCell;
			sourceTree = "<group>";
		};
		B997ED8A2C3D6E0000DB0CEC /* MediaCell */ = {
			isa = PBXGroup;
			children = (
				B997ED8B2C3D6E2C00DB0CEC /* MediaCVC.swift */,
				B997ED8C2C3D6E2C00DB0CEC /* MediaCVC.xib */,
			);
			name = MediaCell;
			sourceTree = "<group>";
		};
		B997ED942C3D6FAD00DB0CEC /* GridCV */ = {
			isa = PBXGroup;
			children = (
				B997ED412C3D08FF00DB0CEC /* VerticalDataSourceDelegate.swift */,
			);
			name = GridCV;
			sourceTree = "<group>";
		};
		B997ED952C3D6FD000DB0CEC /* MediaCV */ = {
			isa = PBXGroup;
			children = (
				B997ED962C3D6FEF00DB0CEC /* MediaDataSourceDelegate.swift */,
			);
			name = MediaCV;
			sourceTree = "<group>";
		};
/* End PBXGroup section */

/* Begin PBXNativeTarget section */
		B94E1CF12C20048C00577DD4 /* CTU */ = {
			isa = PBXNativeTarget;
			buildConfigurationList = B94E1D062C20048E00577DD4 /* Build configuration list for PBXNativeTarget "CTU" */;
			buildPhases = (
				B94E1CEE2C20048C00577DD4 /* Sources */,
				B94E1CEF2C20048C00577DD4 /* Frameworks */,
				B94E1CF02C20048C00577DD4 /* Resources */,
			);
			buildRules = (
			);
			dependencies = (
			);
			name = CTU;
			productName = CTU;
			productReference = B94E1CF22C20048C00577DD4 /* CTU.app */;
			productType = "com.apple.product-type.application";
		};
/* End PBXNativeTarget section */

/* Begin PBXProject section */
		B94E1CEA2C20048C00577DD4 /* Project object */ = {
			isa = PBXProject;
			attributes = {
				LastSwiftUpdateCheck = 1240;
				LastUpgradeCheck = 1240;
				TargetAttributes = {
					B94E1CF12C20048C00577DD4 = {
						CreatedOnToolsVersion = 12.4;
					};
				};
			};
			buildConfigurationList = B94E1CED2C20048C00577DD4 /* Build configuration list for PBXProject "CTU" */;
			compatibilityVersion = "Xcode 9.3";
			developmentRegion = en;
			hasScannedForEncodings = 0;
			knownRegions = (
				en,
				Base,
			);
			mainGroup = B94E1CE92C20048C00577DD4;
			productRefGroup = B94E1CF32C20048C00577DD4 /* Products */;
			projectDirPath = "";
			projectRoot = "";
			targets = (
				B94E1CF12C20048C00577DD4 /* CTU */,
			);
		};
/* End PBXProject section */

/* Begin PBXResourcesBuildPhase section */
		B94E1CF02C20048C00577DD4 /* Resources */ = {
			isa = PBXResourcesBuildPhase;
			buildActionMask = 2147483647;
			files = (
				B997ED5C2C3D396E00DB0CEC /* AboutCTUIL.storyboard in Resources */,
				B997ED4F2C3D09AA00DB0CEC /* gridItemsList.json in Resources */,
				B997ED652C3D3C1B00DB0CEC /* CellTVC.xib in Resources */,
				B94E1D022C20048E00577DD4 /* LaunchScreen.storyboard in Resources */,
				B997ED8E2C3D6E2C00DB0CEC /* MediaCVC.xib in Resources */,
				B94E1CFF2C20048E00577DD4 /* Assets.xcassets in Resources */,
				B997ED3C2C3CFDBE00DB0CEC /* GridCVC.xib in Resources */,
				B997ED6A2C3D3E5B00DB0CEC /* aboutCtuilList.json in Resources */,
				B997EDA12C3D71A300DB0CEC /* mediaList.json in Resources */,
				B94E1CFD2C20048C00577DD4 /* Main.storyboard in Resources */,
			);
			runOnlyForDeploymentPostprocessing = 0;
		};
/* End PBXResourcesBuildPhase section */

/* Begin PBXSourcesBuildPhase section */
		B94E1CEE2C20048C00577DD4 /* Sources */ = {
			isa = PBXSourcesBuildPhase;
			buildActionMask = 2147483647;
			files = (
				B997ED7B2C3D511300DB0CEC /* UIViewControllerExtensions.swift in Sources */,
				B997ED3B2C3CFDBE00DB0CEC /* GridCVC.swift in Sources */,
				B997ED7F2C3D57B500DB0CEC /* UIImageExtension.swift in Sources */,
				B997ED872C3D6DC300DB0CEC /* MediaScreenVC.swift in Sources */,
				B997ED6D2C3D3F2900DB0CEC /* AboutCTUILModel.swift in Sources */,
				B997ED642C3D3C1B00DB0CEC /* CellTVC.swift in Sources */,
				B997ED472C3D093100DB0CEC /* GridItemWebServices.swift in Sources */,
				B997ED8D2C3D6E2C00DB0CEC /* MediaCVC.swift in Sources */,
				B997ED922C3D6F5400DB0CEC /* MediaModel.swift in Sources */,
				B997ED3F2C3CFEC300DB0CEC /* AttributeFactory.swift in Sources */,
				B94E1CFA2C20048C00577DD4 /* ViewController.swift in Sources */,
				B997ED9E2C3D714C00DB0CEC /* MediaWebServices.swift in Sources */,
				B997ED732C3D3F7700DB0CEC /* AboutCTUILDataSourceDelegate.swift in Sources */,
				B997ED422C3D08FF00DB0CEC /* VerticalDataSourceDelegate.swift in Sources */,
				B997ED702C3D3F3700DB0CEC /* AboutCTUILWebServices.swift in Sources */,
				B9EC42ED2C3BB726004BF920 /* HomeCVC.swift in Sources */,
				B997ED5F2C3D39B200DB0CEC /* AboutCTUILVC.swift in Sources */,
				B94E1CF62C20048C00577DD4 /* AppDelegate.swift in Sources */,
				B997ED532C3D36B100DB0CEC /* Navigation.swift in Sources */,
				B997ED482C3D093100DB0CEC /* GridItemModel.swift in Sources */,
				B94E1D122C201B0C00577DD4 /* HomeScreenVC.swift in Sources */,
				B997ED9B2C3D705700DB0CEC /* StringExtension.swift in Sources */,
				B997ED972C3D6FEF00DB0CEC /* MediaDataSourceDelegate.swift in Sources */,
			);
			runOnlyForDeploymentPostprocessing = 0;
		};
/* End PBXSourcesBuildPhase section */

/* Begin PBXVariantGroup section */
		B94E1CFB2C20048C00577DD4 /* Main.storyboard */ = {
			isa = PBXVariantGroup;
			children = (
				B94E1CFC2C20048C00577DD4 /* Base */,
			);
			name = Main.storyboard;
			sourceTree = "<group>";
		};
		B94E1D002C20048E00577DD4 /* LaunchScreen.storyboard */ = {
			isa = PBXVariantGroup;
			children = (
				B94E1D012C20048E00577DD4 /* Base */,
			);
			name = LaunchScreen.storyboard;
			sourceTree = "<group>";
		};
/* End PBXVariantGroup section */

/* Begin XCBuildConfiguration section */
		B94E1D042C20048E00577DD4 /* Debug */ = {
			isa = XCBuildConfiguration;
			buildSettings = {
				ALWAYS_SEARCH_USER_PATHS = NO;
				CLANG_ANALYZER_NONNULL = YES;
				CLANG_ANALYZER_NUMBER_OBJECT_CONVERSION = YES_AGGRESSIVE;
				CLANG_CXX_LANGUAGE_STANDARD = "gnu++14";
				CLANG_CXX_LIBRARY = "libc++";
				CLANG_ENABLE_MODULES = YES;
				CLANG_ENABLE_OBJC_ARC = YES;
				CLANG_ENABLE_OBJC_WEAK = YES;
				CLANG_WARN_BLOCK_CAPTURE_AUTORELEASING = YES;
				CLANG_WARN_BOOL_CONVERSION = YES;
				CLANG_WARN_COMMA = YES;
				CLANG_WARN_CONSTANT_CONVERSION = YES;
				CLANG_WARN_DEPRECATED_OBJC_IMPLEMENTATIONS = YES;
				CLANG_WARN_DIRECT_OBJC_ISA_USAGE = YES_ERROR;
				CLANG_WARN_DOCUMENTATION_COMMENTS = YES;
				CLANG_WARN_EMPTY_BODY = YES;
				CLANG_WARN_ENUM_CONVERSION = YES;
				CLANG_WARN_INFINITE_RECURSION = YES;
				CLANG_WARN_INT_CONVERSION = YES;
				CLANG_WARN_NON_LITERAL_NULL_CONVERSION = YES;
				CLANG_WARN_OBJC_IMPLICIT_RETAIN_SELF = YES;
				CLANG_WARN_OBJC_LITERAL_CONVERSION = YES;
				CLANG_WARN_OBJC_ROOT_CLASS = YES_ERROR;
				CLANG_WARN_QUOTED_INCLUDE_IN_FRAMEWORK_HEADER = YES;
				CLANG_WARN_RANGE_LOOP_ANALYSIS = YES;
				CLANG_WARN_STRICT_PROTOTYPES = YES;
				CLANG_WARN_SUSPICIOUS_MOVE = YES;
				CLANG_WARN_UNGUARDED_AVAILABILITY = YES_AGGRESSIVE;
				CLANG_WARN_UNREACHABLE_CODE = YES;
				CLANG_WARN__DUPLICATE_METHOD_MATCH = YES;
				COPY_PHASE_STRIP = NO;
				DEBUG_INFORMATION_FORMAT = dwarf;
				ENABLE_STRICT_OBJC_MSGSEND = YES;
				ENABLE_TESTABILITY = YES;
				GCC_C_LANGUAGE_STANDARD = gnu11;
				GCC_DYNAMIC_NO_PIC = NO;
				GCC_NO_COMMON_BLOCKS = YES;
				GCC_OPTIMIZATION_LEVEL = 0;
				GCC_PREPROCESSOR_DEFINITIONS = (
					"DEBUG=1",
					"$(inherited)",
				);
				GCC_WARN_64_TO_32_BIT_CONVERSION = YES;
				GCC_WARN_ABOUT_RETURN_TYPE = YES_ERROR;
				GCC_WARN_UNDECLARED_SELECTOR = YES;
				GCC_WARN_UNINITIALIZED_AUTOS = YES_AGGRESSIVE;
				GCC_WARN_UNUSED_FUNCTION = YES;
				GCC_WARN_UNUSED_VARIABLE = YES;
				IPHONEOS_DEPLOYMENT_TARGET = 13.0;
				MTL_ENABLE_DEBUG_INFO = INCLUDE_SOURCE;
				MTL_FAST_MATH = YES;
				ONLY_ACTIVE_ARCH = YES;
				SDKROOT = iphoneos;
				SWIFT_ACTIVE_COMPILATION_CONDITIONS = DEBUG;
				SWIFT_OPTIMIZATION_LEVEL = "-Onone";
			};
			name = Debug;
		};
		B94E1D052C20048E00577DD4 /* Release */ = {
			isa = XCBuildConfiguration;
			buildSettings = {
				ALWAYS_SEARCH_USER_PATHS = NO;
				CLANG_ANALYZER_NONNULL = YES;
				CLANG_ANALYZER_NUMBER_OBJECT_CONVERSION = YES_AGGRESSIVE;
				CLANG_CXX_LANGUAGE_STANDARD = "gnu++14";
				CLANG_CXX_LIBRARY = "libc++";
				CLANG_ENABLE_MODULES = YES;
				CLANG_ENABLE_OBJC_ARC = YES;
				CLANG_ENABLE_OBJC_WEAK = YES;
				CLANG_WARN_BLOCK_CAPTURE_AUTORELEASING = YES;
				CLANG_WARN_BOOL_CONVERSION = YES;
				CLANG_WARN_COMMA = YES;
				CLANG_WARN_CONSTANT_CONVERSION = YES;
				CLANG_WARN_DEPRECATED_OBJC_IMPLEMENTATIONS = YES;
				CLANG_WARN_DIRECT_OBJC_ISA_USAGE = YES_ERROR;
				CLANG_WARN_DOCUMENTATION_COMMENTS = YES;
				CLANG_WARN_EMPTY_BODY = YES;
				CLANG_WARN_ENUM_CONVERSION = YES;
				CLANG_WARN_INFINITE_RECURSION = YES;
				CLANG_WARN_INT_CONVERSION = YES;
				CLANG_WARN_NON_LITERAL_NULL_CONVERSION = YES;
				CLANG_WARN_OBJC_IMPLICIT_RETAIN_SELF = YES;
				CLANG_WARN_OBJC_LITERAL_CONVERSION = YES;
				CLANG_WARN_OBJC_ROOT_CLASS = YES_ERROR;
				CLANG_WARN_QUOTED_INCLUDE_IN_FRAMEWORK_HEADER = YES;
				CLANG_WARN_RANGE_LOOP_ANALYSIS = YES;
				CLANG_WARN_STRICT_PROTOTYPES = YES;
				CLANG_WARN_SUSPICIOUS_MOVE = YES;
				CLANG_WARN_UNGUARDED_AVAILABILITY = YES_AGGRESSIVE;
				CLANG_WARN_UNREACHABLE_CODE = YES;
				CLANG_WARN__DUPLICATE_METHOD_MATCH = YES;
				COPY_PHASE_STRIP = NO;
				DEBUG_INFORMATION_FORMAT = "dwarf-with-dsym";
				ENABLE_NS_ASSERTIONS = NO;
				ENABLE_STRICT_OBJC_MSGSEND = YES;
				GCC_C_LANGUAGE_STANDARD = gnu11;
				GCC_NO_COMMON_BLOCKS = YES;
				GCC_WARN_64_TO_32_BIT_CONVERSION = YES;
				GCC_WARN_ABOUT_RETURN_TYPE = YES_ERROR;
				GCC_WARN_UNDECLARED_SELECTOR = YES;
				GCC_WARN_UNINITIALIZED_AUTOS = YES_AGGRESSIVE;
				GCC_WARN_UNUSED_FUNCTION = YES;
				GCC_WARN_UNUSED_VARIABLE = YES;
				IPHONEOS_DEPLOYMENT_TARGET = 13.0;
				MTL_ENABLE_DEBUG_INFO = NO;
				MTL_FAST_MATH = YES;
				SDKROOT = iphoneos;
				SWIFT_COMPILATION_MODE = wholemodule;
				SWIFT_OPTIMIZATION_LEVEL = "-O";
				VALIDATE_PRODUCT = YES;
			};
			name = Release;
		};
		B94E1D072C20048E00577DD4 /* Debug */ = {
			isa = XCBuildConfiguration;
			buildSettings = {
				ASSETCATALOG_COMPILER_APPICON_NAME = AppIcon;
				ASSETCATALOG_COMPILER_GLOBAL_ACCENT_COLOR_NAME = AccentColor;
				CODE_SIGN_STYLE = Automatic;
				INFOPLIST_FILE = CTU/Info.plist;
				LD_RUNPATH_SEARCH_PATHS = (
					"$(inherited)",
					"@executable_path/Frameworks",
				);
				PRODUCT_BUNDLE_IDENTIFIER = com.dhruv.CTU;
				PRODUCT_NAME = "$(TARGET_NAME)";
				SWIFT_VERSION = 5.0;
				TARGETED_DEVICE_FAMILY = 1;
			};
			name = Debug;
		};
		B94E1D082C20048E00577DD4 /* Release */ = {
			isa = XCBuildConfiguration;
			buildSettings = {
				ASSETCATALOG_COMPILER_APPICON_NAME = AppIcon;
				ASSETCATALOG_COMPILER_GLOBAL_ACCENT_COLOR_NAME = AccentColor;
				CODE_SIGN_STYLE = Automatic;
				INFOPLIST_FILE = CTU/Info.plist;
				LD_RUNPATH_SEARCH_PATHS = (
					"$(inherited)",
					"@executable_path/Frameworks",
				);
				PRODUCT_BUNDLE_IDENTIFIER = com.dhruv.CTU;
				PRODUCT_NAME = "$(TARGET_NAME)";
				SWIFT_VERSION = 5.0;
				TARGETED_DEVICE_FAMILY = 1;
			};
			name = Release;
		};
/* End XCBuildConfiguration section */

/* Begin XCConfigurationList section */
		B94E1CED2C20048C00577DD4 /* Build configuration list for PBXProject "CTU" */ = {
			isa = XCConfigurationList;
			buildConfigurations = (
				B94E1D042C20048E00577DD4 /* Debug */,
				B94E1D052C20048E00577DD4 /* Release */,
			);
			defaultConfigurationIsVisible = 0;
			defaultConfigurationName = Release;
		};
		B94E1D062C20048E00577DD4 /* Build configuration list for PBXNativeTarget "CTU" */ = {
			isa = XCConfigurationList;
			buildConfigurations = (
				B94E1D072C20048E00577DD4 /* Debug */,
				B94E1D082C20048E00577DD4 /* Release */,
			);
			defaultConfigurationIsVisible = 0;
			defaultConfigurationName = Release;
		};
/* End XCConfigurationList section */
	};
	rootObject = B94E1CEA2C20048C00577DD4 /* Project object */;
}
